
Microsoft Visual Studio Solution File, Format Version 12.00
# Visual Studio Version 16
VisualStudioVersion = 16.0.30907.101
MinimumVisualStudioVersion = 10.0.40219.1
Project("{FAE04EC0-301F-11D3-BF4B-00C04F79EFBC}") = "Lab1", "Lab1\Lab1.csproj", "{AF3C28D6-ADC0-462B-9037-CC26BB331EE0}"
EndProject
Global
	GlobalSection(SolutionConfigurationPlatforms) = preSolution
		Debug|Any CPU = Debug|Any CPU
		Release|Any CPU = Release|Any CPU
	EndGlobalSection
	GlobalSection(ProjectConfigurationPlatforms) = postSolution
		{AF3C28D6-ADC0-462B-9037-CC26BB331EE0}.Debug|Any CPU.ActiveCfg = Debug|Any CPU
		{AF3C28D6-ADC0-462B-9037-CC26BB331EE0}.Debug|Any CPU.Build.0 = Debug|Any CPU
		{AF3C28D6-ADC0-462B-9037-CC26BB331EE0}.Release|Any CPU.ActiveCfg = Release|Any CPU
		{AF3C28D6-ADC0-462B-9037-CC26BB331EE0}.Release|Any CPU.Build.0 = Release|Any CPU
	EndGlobalSection
	GlobalSection(SolutionProperties) = preSolution
		HideSolutionNode = FALSE
	EndGlobalSection
	GlobalSection(ExtensibilityGlobals) = postSolution
		SolutionGuid = {8431DC13-9CA6-49E1-9D84-165F71FEA75B}
	EndGlobalSection
EndGlobal
