
Microsoft Visual Studio Solution File, Format Version 12.00
# Visual Studio Version 16
VisualStudioVersion = 16.0.30907.101
MinimumVisualStudioVersion = 10.0.40219.1
Project("{FAE04EC0-301F-11D3-BF4B-00C04F79EFBC}") = "Lab4_1", "Lab4_1\Lab4_1.csproj", "{38045049-F73A-4772-8659-AF718D882445}"
EndProject
Project("{FAE04EC0-301F-11D3-BF4B-00C04F79EFBC}") = "Lab4_2", "Lab4_2\Lab4_2.csproj", "{B066ACFE-806F-4544-9AEE-C8632D7A7868}"
EndProject
Project("{FAE04EC0-301F-11D3-BF4B-00C04F79EFBC}") = "Lab4_3", "Lab4_3\Lab4_3.csproj", "{5038AA17-84C6-48C3-9219-62ACDB2E66A6}"
EndProject
Global
	GlobalSection(SolutionConfigurationPlatforms) = preSolution
		Debug|Any CPU = Debug|Any CPU
		Release|Any CPU = Release|Any CPU
	EndGlobalSection
	GlobalSection(ProjectConfigurationPlatforms) = postSolution
		{38045049-F73A-4772-8659-AF718D882445}.Debug|Any CPU.ActiveCfg = Debug|Any CPU
		{38045049-F73A-4772-8659-AF718D882445}.Debug|Any CPU.Build.0 = Debug|Any CPU
		{38045049-F73A-4772-8659-AF718D882445}.Release|Any CPU.ActiveCfg = Release|Any CPU
		{38045049-F73A-4772-8659-AF718D882445}.Release|Any CPU.Build.0 = Release|Any CPU
		{B066ACFE-806F-4544-9AEE-C8632D7A7868}.Debug|Any CPU.ActiveCfg = Debug|Any CPU
		{B066ACFE-806F-4544-9AEE-C8632D7A7868}.Debug|Any CPU.Build.0 = Debug|Any CPU
		{B066ACFE-806F-4544-9AEE-C8632D7A7868}.Release|Any CPU.ActiveCfg = Release|Any CPU
		{B066ACFE-806F-4544-9AEE-C8632D7A7868}.Release|Any CPU.Build.0 = Release|Any CPU
		{5038AA17-84C6-48C3-9219-62ACDB2E66A6}.Debug|Any CPU.ActiveCfg = Debug|Any CPU
		{5038AA17-84C6-48C3-9219-62ACDB2E66A6}.Debug|Any CPU.Build.0 = Debug|Any CPU
		{5038AA17-84C6-48C3-9219-62ACDB2E66A6}.Release|Any CPU.ActiveCfg = Release|Any CPU
		{5038AA17-84C6-48C3-9219-62ACDB2E66A6}.Release|Any CPU.Build.0 = Release|Any CPU
	EndGlobalSection
	GlobalSection(SolutionProperties) = preSolution
		HideSolutionNode = FALSE
	EndGlobalSection
	GlobalSection(ExtensibilityGlobals) = postSolution
		SolutionGuid = {E1D8E526-72D5-4397-98C1-C32B2F2F8192}
	EndGlobalSection
EndGlobal
