
Microsoft Visual Studio Solution File, Format Version 12.00
# Visual Studio Version 16
VisualStudioVersion = 16.0.30907.101
MinimumVisualStudioVersion = 10.0.40219.1
Project("{9A19103F-16F7-4668-BE54-9A1E7A4F7556}") = "Lab5_1", "Lab5_1\Lab5_1.csproj", "{A1025025-B389-4C7F-9FED-5922C17F8065}"
EndProject
Project("{9A19103F-16F7-4668-BE54-9A1E7A4F7556}") = "Lab5_2", "Lab5_2\Lab5_2.csproj", "{89BFBD55-4279-4C5A-8196-1E6213D09873}"
EndProject
Project("{9A19103F-16F7-4668-BE54-9A1E7A4F7556}") = "Lab5_3", "Lab5_3\Lab5_3.csproj", "{3141B917-93B6-4A92-8728-76B856C2E840}"
EndProject
Project("{9A19103F-16F7-4668-BE54-9A1E7A4F7556}") = "Lab5_4", "Lab5_4\Lab5_4.csproj", "{9E9BECF7-119E-4F6A-95B2-270C6F1EE29B}"
EndProject
Project("{FAE04EC0-301F-11D3-BF4B-00C04F79EFBC}") = "Lab5_5", "Lab5_5\Lab5_5.csproj", "{57C0CBD0-C166-4E44-9C7A-E59108B03B36}"
EndProject
Project("{FAE04EC0-301F-11D3-BF4B-00C04F79EFBC}") = "Lab5_6", "Lab5_6\Lab5_6.csproj", "{03DB6B8E-D31E-472C-B653-9FF553F51298}"
EndProject
Global
	GlobalSection(SolutionConfigurationPlatforms) = preSolution
		Debug|Any CPU = Debug|Any CPU
		Release|Any CPU = Release|Any CPU
	EndGlobalSection
	GlobalSection(ProjectConfigurationPlatforms) = postSolution
		{A1025025-B389-4C7F-9FED-5922C17F8065}.Debug|Any CPU.ActiveCfg = Debug|Any CPU
		{A1025025-B389-4C7F-9FED-5922C17F8065}.Debug|Any CPU.Build.0 = Debug|Any CPU
		{A1025025-B389-4C7F-9FED-5922C17F8065}.Release|Any CPU.ActiveCfg = Release|Any CPU
		{A1025025-B389-4C7F-9FED-5922C17F8065}.Release|Any CPU.Build.0 = Release|Any CPU
		{89BFBD55-4279-4C5A-8196-1E6213D09873}.Debug|Any CPU.ActiveCfg = Debug|Any CPU
		{89BFBD55-4279-4C5A-8196-1E6213D09873}.Debug|Any CPU.Build.0 = Debug|Any CPU
		{89BFBD55-4279-4C5A-8196-1E6213D09873}.Release|Any CPU.ActiveCfg = Release|Any CPU
		{89BFBD55-4279-4C5A-8196-1E6213D09873}.Release|Any CPU.Build.0 = Release|Any CPU
		{3141B917-93B6-4A92-8728-76B856C2E840}.Debug|Any CPU.ActiveCfg = Debug|Any CPU
		{3141B917-93B6-4A92-8728-76B856C2E840}.Debug|Any CPU.Build.0 = Debug|Any CPU
		{3141B917-93B6-4A92-8728-76B856C2E840}.Release|Any CPU.ActiveCfg = Release|Any CPU
		{3141B917-93B6-4A92-8728-76B856C2E840}.Release|Any CPU.Build.0 = Release|Any CPU
		{9E9BECF7-119E-4F6A-95B2-270C6F1EE29B}.Debug|Any CPU.ActiveCfg = Debug|Any CPU
		{9E9BECF7-119E-4F6A-95B2-270C6F1EE29B}.Debug|Any CPU.Build.0 = Debug|Any CPU
		{9E9BECF7-119E-4F6A-95B2-270C6F1EE29B}.Release|Any CPU.ActiveCfg = Release|Any CPU
		{9E9BECF7-119E-4F6A-95B2-270C6F1EE29B}.Release|Any CPU.Build.0 = Release|Any CPU
		{57C0CBD0-C166-4E44-9C7A-E59108B03B36}.Debug|Any CPU.ActiveCfg = Debug|Any CPU
		{57C0CBD0-C166-4E44-9C7A-E59108B03B36}.Debug|Any CPU.Build.0 = Debug|Any CPU
		{57C0CBD0-C166-4E44-9C7A-E59108B03B36}.Release|Any CPU.ActiveCfg = Release|Any CPU
		{57C0CBD0-C166-4E44-9C7A-E59108B03B36}.Release|Any CPU.Build.0 = Release|Any CPU
		{03DB6B8E-D31E-472C-B653-9FF553F51298}.Debug|Any CPU.ActiveCfg = Debug|Any CPU
		{03DB6B8E-D31E-472C-B653-9FF553F51298}.Debug|Any CPU.Build.0 = Debug|Any CPU
		{03DB6B8E-D31E-472C-B653-9FF553F51298}.Release|Any CPU.ActiveCfg = Release|Any CPU
		{03DB6B8E-D31E-472C-B653-9FF553F51298}.Release|Any CPU.Build.0 = Release|Any CPU
	EndGlobalSection
	GlobalSection(SolutionProperties) = preSolution
		HideSolutionNode = FALSE
	EndGlobalSection
	GlobalSection(ExtensibilityGlobals) = postSolution
		SolutionGuid = {62C78DCE-5242-4D70-BEF2-6BBC76092266}
	EndGlobalSection
EndGlobal
