
Microsoft Visual Studio Solution File, Format Version 12.00
# Visual Studio Version 16
VisualStudioVersion = 16.0.30907.101
MinimumVisualStudioVersion = 10.0.40219.1
Project("{FAE04EC0-301F-11D3-BF4B-00C04F79EFBC}") = "Lab7", "Lab7\Lab7.csproj", "{CC9ABAA6-F33E-4CA0-BA78-203EEA8E25AF}"
EndProject
Global
	GlobalSection(SolutionConfigurationPlatforms) = preSolution
		Debug|Any CPU = Debug|Any CPU
		Release|Any CPU = Release|Any CPU
	EndGlobalSection
	GlobalSection(ProjectConfigurationPlatforms) = postSolution
		{CC9ABAA6-F33E-4CA0-BA78-203EEA8E25AF}.Debug|Any CPU.ActiveCfg = Debug|Any CPU
		{CC9ABAA6-F33E-4CA0-BA78-203EEA8E25AF}.Debug|Any CPU.Build.0 = Debug|Any CPU
		{CC9ABAA6-F33E-4CA0-BA78-203EEA8E25AF}.Release|Any CPU.ActiveCfg = Release|Any CPU
		{CC9ABAA6-F33E-4CA0-BA78-203EEA8E25AF}.Release|Any CPU.Build.0 = Release|Any CPU
	EndGlobalSection
	GlobalSection(SolutionProperties) = preSolution
		HideSolutionNode = FALSE
	EndGlobalSection
	GlobalSection(ExtensibilityGlobals) = postSolution
		SolutionGuid = {437FB10A-617A-419D-A407-7D73E8C54372}
	EndGlobalSection
EndGlobal
