
Microsoft Visual Studio Solution File, Format Version 12.00
# Visual Studio Version 16
VisualStudioVersion = 16.0.30503.244
MinimumVisualStudioVersion = 10.0.40219.1
Project("{8BC9CEB8-8B4A-11D0-8D11-00A0C91BC942}") = "loops", "loops\loops.vcxproj", "{A111C521-D110-4F9C-B778-A8456AE990B2}"
EndProject
Project("{8BC9CEB8-8B4A-11D0-8D11-00A0C91BC942}") = "factorial", "factorial\factorial.vcxproj", "{61A0D072-19FD-43A4-BA24-99C63E22A5EA}"
EndProject
Project("{8BC9CEB8-8B4A-11D0-8D11-00A0C91BC942}") = "test", "test\test.vcxproj", "{FEBC8574-5630-4D03-8068-FBF7BE0EC9B9}"
EndProject
Global
	GlobalSection(SolutionConfigurationPlatforms) = preSolution
		Debug|x64 = Debug|x64
		Debug|x86 = Debug|x86
		Release|x64 = Release|x64
		Release|x86 = Release|x86
	EndGlobalSection
	GlobalSection(ProjectConfigurationPlatforms) = postSolution
		{A111C521-D110-4F9C-B778-A8456AE990B2}.Debug|x64.ActiveCfg = Debug|x64
		{A111C521-D110-4F9C-B778-A8456AE990B2}.Debug|x64.Build.0 = Debug|x64
		{A111C521-D110-4F9C-B778-A8456AE990B2}.Debug|x86.ActiveCfg = Debug|Win32
		{A111C521-D110-4F9C-B778-A8456AE990B2}.Debug|x86.Build.0 = Debug|Win32
		{A111C521-D110-4F9C-B778-A8456AE990B2}.Release|x64.ActiveCfg = Release|x64
		{A111C521-D110-4F9C-B778-A8456AE990B2}.Release|x64.Build.0 = Release|x64
		{A111C521-D110-4F9C-B778-A8456AE990B2}.Release|x86.ActiveCfg = Release|Win32
		{A111C521-D110-4F9C-B778-A8456AE990B2}.Release|x86.Build.0 = Release|Win32
		{61A0D072-19FD-43A4-BA24-99C63E22A5EA}.Debug|x64.ActiveCfg = Debug|x64
		{61A0D072-19FD-43A4-BA24-99C63E22A5EA}.Debug|x64.Build.0 = Debug|x64
		{61A0D072-19FD-43A4-BA24-99C63E22A5EA}.Debug|x86.ActiveCfg = Debug|Win32
		{61A0D072-19FD-43A4-BA24-99C63E22A5EA}.Debug|x86.Build.0 = Debug|Win32
		{61A0D072-19FD-43A4-BA24-99C63E22A5EA}.Release|x64.ActiveCfg = Release|x64
		{61A0D072-19FD-43A4-BA24-99C63E22A5EA}.Release|x64.Build.0 = Release|x64
		{61A0D072-19FD-43A4-BA24-99C63E22A5EA}.Release|x86.ActiveCfg = Release|Win32
		{61A0D072-19FD-43A4-BA24-99C63E22A5EA}.Release|x86.Build.0 = Release|Win32
		{FEBC8574-5630-4D03-8068-FBF7BE0EC9B9}.Debug|x64.ActiveCfg = Debug|x64
		{FEBC8574-5630-4D03-8068-FBF7BE0EC9B9}.Debug|x64.Build.0 = Debug|x64
		{FEBC8574-5630-4D03-8068-FBF7BE0EC9B9}.Debug|x86.ActiveCfg = Debug|Win32
		{FEBC8574-5630-4D03-8068-FBF7BE0EC9B9}.Debug|x86.Build.0 = Debug|Win32
		{FEBC8574-5630-4D03-8068-FBF7BE0EC9B9}.Release|x64.ActiveCfg = Release|x64
		{FEBC8574-5630-4D03-8068-FBF7BE0EC9B9}.Release|x64.Build.0 = Release|x64
		{FEBC8574-5630-4D03-8068-FBF7BE0EC9B9}.Release|x86.ActiveCfg = Release|Win32
		{FEBC8574-5630-4D03-8068-FBF7BE0EC9B9}.Release|x86.Build.0 = Release|Win32
	EndGlobalSection
	GlobalSection(SolutionProperties) = preSolution
		HideSolutionNode = FALSE
	EndGlobalSection
	GlobalSection(ExtensibilityGlobals) = postSolution
		SolutionGuid = {F41034F0-2213-4D99-B701-22EB3520335E}
	EndGlobalSection
EndGlobal
