
Microsoft Visual Studio Solution File, Format Version 12.00
# Visual Studio Version 16
VisualStudioVersion = 16.0.30413.136
MinimumVisualStudioVersion = 10.0.40219.1
Project("{8BC9CEB8-8B4A-11D0-8D11-00A0C91BC942}") = "First", "ElementaryExamples\ElementaryExamples.vcxproj", "{CA3B8D23-8092-4941-A627-CB7E6680AE14}"
EndProject
Project("{8BC9CEB8-8B4A-11D0-8D11-00A0C91BC942}") = "Second", "Second\Second.vcxproj", "{743F743E-6FE9-4D26-AFE0-9143ADB627EC}"
EndProject
Project("{8BC9CEB8-8B4A-11D0-8D11-00A0C91BC942}") = "Third", "Third\Third.vcxproj", "{CC3B1F31-DFC7-4155-A05A-CFD93295D5F6}"
EndProject
Project("{8BC9CEB8-8B4A-11D0-8D11-00A0C91BC942}") = "Fourth", "Fourth\Fourth.vcxproj", "{E3F9188C-E797-4EF2-9237-A916D3B31A29}"
EndProject
Project("{8BC9CEB8-8B4A-11D0-8D11-00A0C91BC942}") = "Fifth", "Fifth\Fifth.vcxproj", "{5DFBE4D4-7174-491C-9C49-E1513728B8E7}"
EndProject
Project("{8BC9CEB8-8B4A-11D0-8D11-00A0C91BC942}") = "Sixth", "sixth\sixth.vcxproj", "{1AA8C87A-CDE3-4094-A1CF-3B0312FB5685}"
EndProject
Project("{8BC9CEB8-8B4A-11D0-8D11-00A0C91BC942}") = "Seventh", "Seventh\Seventh.vcxproj", "{0622A3A8-0427-4088-8384-4335C21A8246}"
EndProject
Project("{8BC9CEB8-8B4A-11D0-8D11-00A0C91BC942}") = "Eighth", "Eighth\Eighth.vcxproj", "{AC33AE54-D554-4BC1-B190-0990396FF932}"
EndProject
Project("{8BC9CEB8-8B4A-11D0-8D11-00A0C91BC942}") = "Ninth", "Ninth\Ninth.vcxproj", "{E1EF59DD-3061-4523-A852-6FBF7E9602B1}"
EndProject
Project("{8BC9CEB8-8B4A-11D0-8D11-00A0C91BC942}") = "Tenth", "Tenth\Tenth.vcxproj", "{6A95AC7F-8225-4944-B2E7-E79D2A359D29}"
EndProject
Project("{8BC9CEB8-8B4A-11D0-8D11-00A0C91BC942}") = "Eleventh", "Eleventh\Eleventh.vcxproj", "{D6E37178-589A-4FD0-9C05-945FD9EF112B}"
EndProject
Project("{8BC9CEB8-8B4A-11D0-8D11-00A0C91BC942}") = "Twelfth", "Twelfth\Twelfth.vcxproj", "{89B297A8-8D59-42C0-9446-731F87497435}"
EndProject
Global
	GlobalSection(SolutionConfigurationPlatforms) = preSolution
		Debug|x64 = Debug|x64
		Debug|x86 = Debug|x86
		Release|x64 = Release|x64
		Release|x86 = Release|x86
	EndGlobalSection
	GlobalSection(ProjectConfigurationPlatforms) = postSolution
		{CA3B8D23-8092-4941-A627-CB7E6680AE14}.Debug|x64.ActiveCfg = Debug|x64
		{CA3B8D23-8092-4941-A627-CB7E6680AE14}.Debug|x64.Build.0 = Debug|x64
		{CA3B8D23-8092-4941-A627-CB7E6680AE14}.Debug|x86.ActiveCfg = Debug|Win32
		{CA3B8D23-8092-4941-A627-CB7E6680AE14}.Debug|x86.Build.0 = Debug|Win32
		{CA3B8D23-8092-4941-A627-CB7E6680AE14}.Release|x64.ActiveCfg = Release|x64
		{CA3B8D23-8092-4941-A627-CB7E6680AE14}.Release|x64.Build.0 = Release|x64
		{CA3B8D23-8092-4941-A627-CB7E6680AE14}.Release|x86.ActiveCfg = Release|Win32
		{CA3B8D23-8092-4941-A627-CB7E6680AE14}.Release|x86.Build.0 = Release|Win32
		{743F743E-6FE9-4D26-AFE0-9143ADB627EC}.Debug|x64.ActiveCfg = Debug|x64
		{743F743E-6FE9-4D26-AFE0-9143ADB627EC}.Debug|x64.Build.0 = Debug|x64
		{743F743E-6FE9-4D26-AFE0-9143ADB627EC}.Debug|x86.ActiveCfg = Debug|Win32
		{743F743E-6FE9-4D26-AFE0-9143ADB627EC}.Debug|x86.Build.0 = Debug|Win32
		{743F743E-6FE9-4D26-AFE0-9143ADB627EC}.Release|x64.ActiveCfg = Release|x64
		{743F743E-6FE9-4D26-AFE0-9143ADB627EC}.Release|x64.Build.0 = Release|x64
		{743F743E-6FE9-4D26-AFE0-9143ADB627EC}.Release|x86.ActiveCfg = Release|Win32
		{743F743E-6FE9-4D26-AFE0-9143ADB627EC}.Release|x86.Build.0 = Release|Win32
		{CC3B1F31-DFC7-4155-A05A-CFD93295D5F6}.Debug|x64.ActiveCfg = Debug|x64
		{CC3B1F31-DFC7-4155-A05A-CFD93295D5F6}.Debug|x64.Build.0 = Debug|x64
		{CC3B1F31-DFC7-4155-A05A-CFD93295D5F6}.Debug|x86.ActiveCfg = Debug|Win32
		{CC3B1F31-DFC7-4155-A05A-CFD93295D5F6}.Debug|x86.Build.0 = Debug|Win32
		{CC3B1F31-DFC7-4155-A05A-CFD93295D5F6}.Release|x64.ActiveCfg = Release|x64
		{CC3B1F31-DFC7-4155-A05A-CFD93295D5F6}.Release|x64.Build.0 = Release|x64
		{CC3B1F31-DFC7-4155-A05A-CFD93295D5F6}.Release|x86.ActiveCfg = Release|Win32
		{CC3B1F31-DFC7-4155-A05A-CFD93295D5F6}.Release|x86.Build.0 = Release|Win32
		{E3F9188C-E797-4EF2-9237-A916D3B31A29}.Debug|x64.ActiveCfg = Debug|x64
		{E3F9188C-E797-4EF2-9237-A916D3B31A29}.Debug|x64.Build.0 = Debug|x64
		{E3F9188C-E797-4EF2-9237-A916D3B31A29}.Debug|x86.ActiveCfg = Debug|Win32
		{E3F9188C-E797-4EF2-9237-A916D3B31A29}.Debug|x86.Build.0 = Debug|Win32
		{E3F9188C-E797-4EF2-9237-A916D3B31A29}.Release|x64.ActiveCfg = Release|x64
		{E3F9188C-E797-4EF2-9237-A916D3B31A29}.Release|x64.Build.0 = Release|x64
		{E3F9188C-E797-4EF2-9237-A916D3B31A29}.Release|x86.ActiveCfg = Release|Win32
		{E3F9188C-E797-4EF2-9237-A916D3B31A29}.Release|x86.Build.0 = Release|Win32
		{5DFBE4D4-7174-491C-9C49-E1513728B8E7}.Debug|x64.ActiveCfg = Debug|x64
		{5DFBE4D4-7174-491C-9C49-E1513728B8E7}.Debug|x64.Build.0 = Debug|x64
		{5DFBE4D4-7174-491C-9C49-E1513728B8E7}.Debug|x86.ActiveCfg = Debug|Win32
		{5DFBE4D4-7174-491C-9C49-E1513728B8E7}.Debug|x86.Build.0 = Debug|Win32
		{5DFBE4D4-7174-491C-9C49-E1513728B8E7}.Release|x64.ActiveCfg = Release|x64
		{5DFBE4D4-7174-491C-9C49-E1513728B8E7}.Release|x64.Build.0 = Release|x64
		{5DFBE4D4-7174-491C-9C49-E1513728B8E7}.Release|x86.ActiveCfg = Release|Win32
		{5DFBE4D4-7174-491C-9C49-E1513728B8E7}.Release|x86.Build.0 = Release|Win32
		{1AA8C87A-CDE3-4094-A1CF-3B0312FB5685}.Debug|x64.ActiveCfg = Debug|x64
		{1AA8C87A-CDE3-4094-A1CF-3B0312FB5685}.Debug|x64.Build.0 = Debug|x64
		{1AA8C87A-CDE3-4094-A1CF-3B0312FB5685}.Debug|x86.ActiveCfg = Debug|Win32
		{1AA8C87A-CDE3-4094-A1CF-3B0312FB5685}.Debug|x86.Build.0 = Debug|Win32
		{1AA8C87A-CDE3-4094-A1CF-3B0312FB5685}.Release|x64.ActiveCfg = Release|x64
		{1AA8C87A-CDE3-4094-A1CF-3B0312FB5685}.Release|x64.Build.0 = Release|x64
		{1AA8C87A-CDE3-4094-A1CF-3B0312FB5685}.Release|x86.ActiveCfg = Release|Win32
		{1AA8C87A-CDE3-4094-A1CF-3B0312FB5685}.Release|x86.Build.0 = Release|Win32
		{0622A3A8-0427-4088-8384-4335C21A8246}.Debug|x64.ActiveCfg = Debug|x64
		{0622A3A8-0427-4088-8384-4335C21A8246}.Debug|x64.Build.0 = Debug|x64
		{0622A3A8-0427-4088-8384-4335C21A8246}.Debug|x86.ActiveCfg = Debug|Win32
		{0622A3A8-0427-4088-8384-4335C21A8246}.Debug|x86.Build.0 = Debug|Win32
		{0622A3A8-0427-4088-8384-4335C21A8246}.Release|x64.ActiveCfg = Release|x64
		{0622A3A8-0427-4088-8384-4335C21A8246}.Release|x64.Build.0 = Release|x64
		{0622A3A8-0427-4088-8384-4335C21A8246}.Release|x86.ActiveCfg = Release|Win32
		{0622A3A8-0427-4088-8384-4335C21A8246}.Release|x86.Build.0 = Release|Win32
		{AC33AE54-D554-4BC1-B190-0990396FF932}.Debug|x64.ActiveCfg = Debug|x64
		{AC33AE54-D554-4BC1-B190-0990396FF932}.Debug|x64.Build.0 = Debug|x64
		{AC33AE54-D554-4BC1-B190-0990396FF932}.Debug|x86.ActiveCfg = Debug|Win32
		{AC33AE54-D554-4BC1-B190-0990396FF932}.Debug|x86.Build.0 = Debug|Win32
		{AC33AE54-D554-4BC1-B190-0990396FF932}.Release|x64.ActiveCfg = Release|x64
		{AC33AE54-D554-4BC1-B190-0990396FF932}.Release|x64.Build.0 = Release|x64
		{AC33AE54-D554-4BC1-B190-0990396FF932}.Release|x86.ActiveCfg = Release|Win32
		{AC33AE54-D554-4BC1-B190-0990396FF932}.Release|x86.Build.0 = Release|Win32
		{E1EF59DD-3061-4523-A852-6FBF7E9602B1}.Debug|x64.ActiveCfg = Debug|x64
		{E1EF59DD-3061-4523-A852-6FBF7E9602B1}.Debug|x64.Build.0 = Debug|x64
		{E1EF59DD-3061-4523-A852-6FBF7E9602B1}.Debug|x86.ActiveCfg = Debug|Win32
		{E1EF59DD-3061-4523-A852-6FBF7E9602B1}.Debug|x86.Build.0 = Debug|Win32
		{E1EF59DD-3061-4523-A852-6FBF7E9602B1}.Release|x64.ActiveCfg = Release|x64
		{E1EF59DD-3061-4523-A852-6FBF7E9602B1}.Release|x64.Build.0 = Release|x64
		{E1EF59DD-3061-4523-A852-6FBF7E9602B1}.Release|x86.ActiveCfg = Release|Win32
		{E1EF59DD-3061-4523-A852-6FBF7E9602B1}.Release|x86.Build.0 = Release|Win32
		{6A95AC7F-8225-4944-B2E7-E79D2A359D29}.Debug|x64.ActiveCfg = Debug|x64
		{6A95AC7F-8225-4944-B2E7-E79D2A359D29}.Debug|x64.Build.0 = Debug|x64
		{6A95AC7F-8225-4944-B2E7-E79D2A359D29}.Debug|x86.ActiveCfg = Debug|Win32
		{6A95AC7F-8225-4944-B2E7-E79D2A359D29}.Debug|x86.Build.0 = Debug|Win32
		{6A95AC7F-8225-4944-B2E7-E79D2A359D29}.Release|x64.ActiveCfg = Release|x64
		{6A95AC7F-8225-4944-B2E7-E79D2A359D29}.Release|x64.Build.0 = Release|x64
		{6A95AC7F-8225-4944-B2E7-E79D2A359D29}.Release|x86.ActiveCfg = Release|Win32
		{6A95AC7F-8225-4944-B2E7-E79D2A359D29}.Release|x86.Build.0 = Release|Win32
		{D6E37178-589A-4FD0-9C05-945FD9EF112B}.Debug|x64.ActiveCfg = Debug|x64
		{D6E37178-589A-4FD0-9C05-945FD9EF112B}.Debug|x64.Build.0 = Debug|x64
		{D6E37178-589A-4FD0-9C05-945FD9EF112B}.Debug|x86.ActiveCfg = Debug|Win32
		{D6E37178-589A-4FD0-9C05-945FD9EF112B}.Debug|x86.Build.0 = Debug|Win32
		{D6E37178-589A-4FD0-9C05-945FD9EF112B}.Release|x64.ActiveCfg = Release|x64
		{D6E37178-589A-4FD0-9C05-945FD9EF112B}.Release|x64.Build.0 = Release|x64
		{D6E37178-589A-4FD0-9C05-945FD9EF112B}.Release|x86.ActiveCfg = Release|Win32
		{D6E37178-589A-4FD0-9C05-945FD9EF112B}.Release|x86.Build.0 = Release|Win32
		{89B297A8-8D59-42C0-9446-731F87497435}.Debug|x64.ActiveCfg = Debug|x64
		{89B297A8-8D59-42C0-9446-731F87497435}.Debug|x64.Build.0 = Debug|x64
		{89B297A8-8D59-42C0-9446-731F87497435}.Debug|x86.ActiveCfg = Debug|Win32
		{89B297A8-8D59-42C0-9446-731F87497435}.Debug|x86.Build.0 = Debug|Win32
		{89B297A8-8D59-42C0-9446-731F87497435}.Release|x64.ActiveCfg = Release|x64
		{89B297A8-8D59-42C0-9446-731F87497435}.Release|x64.Build.0 = Release|x64
		{89B297A8-8D59-42C0-9446-731F87497435}.Release|x86.ActiveCfg = Release|Win32
		{89B297A8-8D59-42C0-9446-731F87497435}.Release|x86.Build.0 = Release|Win32
	EndGlobalSection
	GlobalSection(SolutionProperties) = preSolution
		HideSolutionNode = FALSE
	EndGlobalSection
	GlobalSection(ExtensibilityGlobals) = postSolution
		SolutionGuid = {36062243-A7ED-4675-9B19-50F05B82A52A}
	EndGlobalSection
EndGlobal
